
Microsoft Visual Studio Solution File, Format Version 12.00
# Visual Studio Version 17
VisualStudioVersion = 17.14.36623.8 d17.14
MinimumVisualStudioVersion = 10.0.40219.1
Project("{FAE04EC0-301F-11D3-BF4B-00C04F79EFBC}") = "AdvancedCalculator", "AdvancedCalculator.csproj", "{8AB5A4F9-C8F1-4CC2-8B75-6E55B9ADA5D3}"
EndProject
Global
	GlobalSection(SolutionConfigurationPlatforms) = preSolution
		Debug|Any CPU = Debug|Any CPU
		Release|Any CPU = Release|Any CPU
	EndGlobalSection
	GlobalSection(ProjectConfigurationPlatforms) = postSolution
		{8AB5A4F9-C8F1-4CC2-8B75-6E55B9ADA5D3}.Debug|Any CPU.ActiveCfg = Debug|Any CPU
		{8AB5A4F9-C8F1-4CC2-8B75-6E55B9ADA5D3}.Debug|Any CPU.Build.0 = Debug|Any CPU
		{8AB5A4F9-C8F1-4CC2-8B75-6E55B9ADA5D3}.Release|Any CPU.ActiveCfg = Release|Any CPU
		{8AB5A4F9-C8F1-4CC2-8B75-6E55B9ADA5D3}.Release|Any CPU.Build.0 = Release|Any CPU
	EndGlobalSection
	GlobalSection(SolutionProperties) = preSolution
		HideSolutionNode = FALSE
	EndGlobalSection
	GlobalSection(ExtensibilityGlobals) = postSolution
		SolutionGuid = {40DDA235-91D2-4CA9-BBA1-AB3F08E012DE}
	EndGlobalSection
EndGlobal
